// !$*UTF8*$!
{
	archiveVersion = 1;
	classes = {
	};
	objectVersion = 55;
	objects = {

/* Begin PBXBuildFile section */
		92260A39928AB761C47B5CA8 /* Pods_SimpleTableSection.framework in Frameworks */ = {isa = PBXBuildFile; fileRef = 1E489C6B19AD8E041EEC8C30 /* Pods_SimpleTableSection.framework */; };
		B58729D5281683FE00F092BC /* AppDelegate.swift in Sources */ = {isa = PBXBuildFile; fileRef = B58729D4281683FE00F092BC /* AppDelegate.swift */; };
		B58729D7281683FF00F092BC /* SceneDelegate.swift in Sources */ = {isa = PBXBuildFile; fileRef = B58729D6281683FF00F092BC /* SceneDelegate.swift */; };
		B58729D9281683FF00F092BC /* ViewController.swift in Sources */ = {isa = PBXBuildFile; fileRef = B58729D8281683FF00F092BC /* ViewController.swift */; };
		B58729DC281683FF00F092BC /* Main.storyboard in Resources */ = {isa = PBXBuildFile; fileRef = B58729DA281683FF00F092BC /* Main.storyboard */; };
		B58729DE2816846400F092BC /* Assets.xcassets in Resources */ = {isa = PBXBuildFile; fileRef = B58729DD2816846400F092BC /* Assets.xcassets */; };
		B58729E12816846500F092BC /* LaunchScreen.storyboard in Resources */ = {isa = PBXBuildFile; fileRef = B58729DF2816846500F092BC /* LaunchScreen.storyboard */; };
/* End PBXBuildFile section */

/* Begin PBXFileReference section */
		1E489C6B19AD8E041EEC8C30 /* Pods_SimpleTableSection.framework */ = {isa = PBXFileReference; explicitFileType = wrapper.framework; includeInIndex = 0; path = Pods_SimpleTableSection.framework; sourceTree = BUILT_PRODUCTS_DIR; };
		1E5EA404B53B312AEED47E57 /* Pods-SimpleTableSection.debug.xcconfig */ = {isa = PBXFileReference; includeInIndex = 1; lastKnownFileType = text.xcconfig; name = "Pods-SimpleTableSection.debug.xcconfig"; path = "Target Support Files/Pods-SimpleTableSection/Pods-SimpleTableSection.debug.xcconfig"; sourceTree = "<group>"; };
		6510287F328F9C08E31FB697 /* Pods-SimpleTableSection.release.xcconfig */ = {isa = PBXFileReference; includeInIndex = 1; lastKnownFileType = text.xcconfig; name = "Pods-SimpleTableSection.release.xcconfig"; path = "Target Support Files/Pods-SimpleTableSection/Pods-SimpleTableSection.release.xcconfig"; sourceTree = "<group>"; };
		B58729D1281683FE00F092BC /* SimpleTableSection.app */ = {isa = PBXFileReference; explicitFileType = wrapper.application; includeInIndex = 0; path = SimpleTableSection.app; sourceTree = BUILT_PRODUCTS_DIR; };
		B58729D4281683FE00F092BC /* AppDelegate.swift */ = {isa = PBXFileReference; lastKnownFileType = sourcecode.swift; path = AppDelegate.swift; sourceTree = "<group>"; };
		B58729D6281683FF00F092BC /* SceneDelegate.swift */ = {isa = PBXFileReference; lastKnownFileType = sourcecode.swift; path = SceneDelegate.swift; sourceTree = "<group>"; };
		B58729D8281683FF00F092BC /* ViewController.swift */ = {isa = PBXFileReference; lastKnownFileType = sourcecode.swift; path = ViewController.swift; sourceTree = "<group>"; };
		B58729DB281683FF00F092BC /* Base */ = {isa = PBXFileReference; lastKnownFileType = file.storyboard; name = Base; path = Base.lproj/Main.storyboard; sourceTree = "<group>"; };
		B58729DD2816846400F092BC /* Assets.xcassets */ = {isa = PBXFileReference; lastKnownFileType = folder.assetcatalog; path = Assets.xcassets; sourceTree = "<group>"; };
		B58729E02816846500F092BC /* Base */ = {isa = PBXFileReference; lastKnownFileType = file.storyboard; name = Base; path = Base.lproj/LaunchScreen.storyboard; sourceTree = "<group>"; };
		B58729E22816846500F092BC /* Info.plist */ = {isa = PBXFileReference; lastKnownFileType = text.plist.xml; path = Info.plist; sourceTree = "<group>"; };
/* End PBXFileReference section */

/* Begin PBXFrameworksBuildPhase section */
		B58729CE281683FE00F092BC /* Frameworks */ = {
			isa = PBXFrameworksBuildPhase;
			buildActionMask = 2147483647;
			files = (
				92260A39928AB761C47B5CA8 /* Pods_SimpleTableSection.framework in Frameworks */,
			);
			runOnlyForDeploymentPostprocessing = 0;
		};
/* End PBXFrameworksBuildPhase section */

/* Begin PBXGroup section */
		048CA1195CFE4536311B24E2 /* Pods */ = {
			isa = PBXGroup;
			children = (
				1E5EA404B53B312AEED47E57 /* Pods-SimpleTableSection.debug.xcconfig */,
				6510287F328F9C08E31FB697 /* Pods-SimpleTableSection.release.xcconfig */,
			);
			name = Pods;
			path = Pods;
			sourceTree = "<group>";
		};
		AB6200ED6F3F5E35182A2478 /* Frameworks */ = {
			isa = PBXGroup;
			children = (
				1E489C6B19AD8E041EEC8C30 /* Pods_SimpleTableSection.framework */,
			);
			name = Frameworks;
			sourceTree = "<group>";
		};
		B58729C8281683FE00F092BC = {
			isa = PBXGroup;
			children = (
				B58729D3281683FE00F092BC /* SimpleTableSection */,
				B58729D2281683FE00F092BC /* Products */,
				048CA1195CFE4536311B24E2 /* Pods */,
				AB6200ED6F3F5E35182A2478 /* Frameworks */,
			);
			sourceTree = "<group>";
		};
		B58729D2281683FE00F092BC /* Products */ = {
			isa = PBXGroup;
			children = (
				B58729D1281683FE00F092BC /* SimpleTableSection.app */,
			);
			name = Products;
			sourceTree = "<group>";
		};
		B58729D3281683FE00F092BC /* SimpleTableSection */ = {
			isa = PBXGroup;
			children = (
				B58729D4281683FE00F092BC /* AppDelegate.swift */,
				B58729D6281683FF00F092BC /* SceneDelegate.swift */,
				B58729D8281683FF00F092BC /* ViewController.swift */,
				B58729DA281683FF00F092BC /* Main.storyboard */,
				B58729DD2816846400F092BC /* Assets.xcassets */,
				B58729DF2816846500F092BC /* LaunchScreen.storyboard */,
				B58729E22816846500F092BC /* Info.plist */,
			);
			path = SimpleTableSection;
			sourceTree = "<group>";
		};
/* End PBXGroup section */

/* Begin PBXNativeTarget section */
		B58729D0281683FE00F092BC /* SimpleTableSection */ = {
			isa = PBXNativeTarget;
			buildConfigurationList = B58729E52816846500F092BC /* Build configuration list for PBXNativeTarget "SimpleTableSection" */;
			buildPhases = (
				D5FBC0496F3A28D475C19E4A /* [CP] Check Pods Manifest.lock */,
				B58729CD281683FE00F092BC /* Sources */,
				B58729CE281683FE00F092BC /* Frameworks */,
				B58729CF281683FE00F092BC /* Resources */,
				A02C5317E4BE4561C1951A49 /* [CP] Embed Pods Frameworks */,
			);
			buildRules = (
			);
			dependencies = (
			);
			name = SimpleTableSection;
			productName = SimpleTableSection;
			productReference = B58729D1281683FE00F092BC /* SimpleTableSection.app */;
			productType = "com.apple.product-type.application";
		};
/* End PBXNativeTarget section */

/* Begin PBXProject section */
		B58729C9281683FE00F092BC /* Project object */ = {
			isa = PBXProject;
			attributes = {
				BuildIndependentTargetsInParallel = 1;
				LastSwiftUpdateCheck = 1330;
				LastUpgradeCheck = 1330;
				TargetAttributes = {
					B58729D0281683FE00F092BC = {
						CreatedOnToolsVersion = 13.3.1;
					};
				};
			};
			buildConfigurationList = B58729CC281683FE00F092BC /* Build configuration list for PBXProject "SimpleTableSection" */;
			compatibilityVersion = "Xcode 13.0";
			developmentRegion = en;
			hasScannedForEncodings = 0;
			knownRegions = (
				en,
				Base,
			);
			mainGroup = B58729C8281683FE00F092BC;
			productRefGroup = B58729D2281683FE00F092BC /* Products */;
			projectDirPath = "";
			projectRoot = "";
			targets = (
				B58729D0281683FE00F092BC /* SimpleTableSection */,
			);
		};
/* End PBXProject section */

/* Begin PBXResourcesBuildPhase section */
		B58729CF281683FE00F092BC /* Resources */ = {
			isa = PBXResourcesBuildPhase;
			buildActionMask = 2147483647;
			files = (
				B58729E12816846500F092BC /* LaunchScreen.storyboard in Resources */,
				B58729DE2816846400F092BC /* Assets.xcassets in Resources */,
				B58729DC281683FF00F092BC /* Main.storyboard in Resources */,
			);
			runOnlyForDeploymentPostprocessing = 0;
		};
/* End PBXResourcesBuildPhase section */

/* Begin PBXShellScriptBuildPhase section */
		A02C5317E4BE4561C1951A49 /* [CP] Embed Pods Frameworks */ = {
			isa = PBXShellScriptBuildPhase;
			buildActionMask = 2147483647;
			files = (
			);
			inputFileListPaths = (
				"${PODS_ROOT}/Target Support Files/Pods-SimpleTableSection/Pods-SimpleTableSection-frameworks-${CONFIGURATION}-input-files.xcfilelist",
			);
			name = "[CP] Embed Pods Frameworks";
			outputFileListPaths = (
				"${PODS_ROOT}/Target Support Files/Pods-SimpleTableSection/Pods-SimpleTableSection-frameworks-${CONFIGURATION}-output-files.xcfilelist",
			);
			runOnlyForDeploymentPostprocessing = 0;
			shellPath = /bin/sh;
			shellScript = "\"${PODS_ROOT}/Target Support Files/Pods-SimpleTableSection/Pods-SimpleTableSection-frameworks.sh\"\n";
			showEnvVarsInLog = 0;
		};
		D5FBC0496F3A28D475C19E4A /* [CP] Check Pods Manifest.lock */ = {
			isa = PBXShellScriptBuildPhase;
			buildActionMask = 2147483647;
			files = (
			);
			inputFileListPaths = (
			);
			inputPaths = (
				"${PODS_PODFILE_DIR_PATH}/Podfile.lock",
				"${PODS_ROOT}/Manifest.lock",
			);
			name = "[CP] Check Pods Manifest.lock";
			outputFileListPaths = (
			);
			outputPaths = (
				"$(DERIVED_FILE_DIR)/Pods-SimpleTableSection-checkManifestLockResult.txt",
			);
			runOnlyForDeploymentPostprocessing = 0;
			shellPath = /bin/sh;
			shellScript = "diff \"${PODS_PODFILE_DIR_PATH}/Podfile.lock\" \"${PODS_ROOT}/Manifest.lock\" > /dev/null\nif [ $? != 0 ] ; then\n    # print error to STDERR\n    echo \"error: The sandbox is not in sync with the Podfile.lock. Run 'pod install' or update your CocoaPods installation.\" >&2\n    exit 1\nfi\n# This output is used by Xcode 'outputs' to avoid re-running this script phase.\necho \"SUCCESS\" > \"${SCRIPT_OUTPUT_FILE_0}\"\n";
			showEnvVarsInLog = 0;
		};
/* End PBXShellScriptBuildPhase section */

/* Begin PBXSourcesBuildPhase section */
		B58729CD281683FE00F092BC /* Sources */ = {
			isa = PBXSourcesBuildPhase;
			buildActionMask = 2147483647;
			files = (
				B58729D9281683FF00F092BC /* ViewController.swift in Sources */,
				B58729D5281683FE00F092BC /* AppDelegate.swift in Sources */,
				B58729D7281683FF00F092BC /* SceneDelegate.swift in Sources */,
			);
			runOnlyForDeploymentPostprocessing = 0;
		};
/* End PBXSourcesBuildPhase section */

/* Begin PBXVariantGroup section */
		B58729DA281683FF00F092BC /* Main.storyboard */ = {
			isa = PBXVariantGroup;
			children = (
				B58729DB281683FF00F092BC /* Base */,
			);
			name = Main.storyboard;
			sourceTree = "<group>";
		};
		B58729DF2816846500F092BC /* LaunchScreen.storyboard */ = {
			isa = PBXVariantGroup;
			children = (
				B58729E02816846500F092BC /* Base */,
			);
			name = LaunchScreen.storyboard;
			sourceTree = "<group>";
		};
/* End PBXVariantGroup section */

/* Begin XCBuildConfiguration section */
		B58729E32816846500F092BC /* Debug */ = {
			isa = XCBuildConfiguration;
			buildSettings = {
				ALWAYS_SEARCH_USER_PATHS = NO;
				CLANG_ANALYZER_NONNULL = YES;
				CLANG_ANALYZER_NUMBER_OBJECT_CONVERSION = YES_AGGRESSIVE;
				CLANG_CXX_LANGUAGE_STANDARD = "gnu++17";
				CLANG_ENABLE_MODULES = YES;
				CLANG_ENABLE_OBJC_ARC = YES;
				CLANG_ENABLE_OBJC_WEAK = YES;
				CLANG_WARN_BLOCK_CAPTURE_AUTORELEASING = YES;
				CLANG_WARN_BOOL_CONVERSION = YES;
				CLANG_WARN_COMMA = YES;
				CLANG_WARN_CONSTANT_CONVERSION = YES;
				CLANG_WARN_DEPRECATED_OBJC_IMPLEMENTATIONS = YES;
				CLANG_WARN_DIRECT_OBJC_ISA_USAGE = YES_ERROR;
				CLANG_WARN_DOCUMENTATION_COMMENTS = YES;
				CLANG_WARN_EMPTY_BODY = YES;
				CLANG_WARN_ENUM_CONVERSION = YES;
				CLANG_WARN_INFINITE_RECURSION = YES;
				CLANG_WARN_INT_CONVERSION = YES;
				CLANG_WARN_NON_LITERAL_NULL_CONVERSION = YES;
				CLANG_WARN_OBJC_IMPLICIT_RETAIN_SELF = YES;
				CLANG_WARN_OBJC_LITERAL_CONVERSION = YES;
				CLANG_WARN_OBJC_ROOT_CLASS = YES_ERROR;
				CLANG_WARN_QUOTED_INCLUDE_IN_FRAMEWORK_HEADER = YES;
				CLANG_WARN_RANGE_LOOP_ANALYSIS = YES;
				CLANG_WARN_STRICT_PROTOTYPES = YES;
				CLANG_WARN_SUSPICIOUS_MOVE = YES;
				CLANG_WARN_UNGUARDED_AVAILABILITY = YES_AGGRESSIVE;
				CLANG_WARN_UNREACHABLE_CODE = YES;
				CLANG_WARN__DUPLICATE_METHOD_MATCH = YES;
				COPY_PHASE_STRIP = NO;
				DEBUG_INFORMATION_FORMAT = dwarf;
				ENABLE_STRICT_OBJC_MSGSEND = YES;
				ENABLE_TESTABILITY = YES;
				GCC_C_LANGUAGE_STANDARD = gnu11;
				GCC_DYNAMIC_NO_PIC = NO;
				GCC_NO_COMMON_BLOCKS = YES;
				GCC_OPTIMIZATION_LEVEL = 0;
				GCC_PREPROCESSOR_DEFINITIONS = (
					"DEBUG=1",
					"$(inherited)",
				);
				GCC_WARN_64_TO_32_BIT_CONVERSION = YES;
				GCC_WARN_ABOUT_RETURN_TYPE = YES_ERROR;
				GCC_WARN_UNDECLARED_SELECTOR = YES;
				GCC_WARN_UNINITIALIZED_AUTOS = YES_AGGRESSIVE;
				GCC_WARN_UNUSED_FUNCTION = YES;
				GCC_WARN_UNUSED_VARIABLE = YES;
				IPHONEOS_DEPLOYMENT_TARGET = 15.4;
				MTL_ENABLE_DEBUG_INFO = INCLUDE_SOURCE;
				MTL_FAST_MATH = YES;
				ONLY_ACTIVE_ARCH = YES;
				SDKROOT = iphoneos;
				SWIFT_ACTIVE_COMPILATION_CONDITIONS = DEBUG;
				SWIFT_OPTIMIZATION_LEVEL = "-Onone";
			};
			name = Debug;
		};
		B58729E42816846500F092BC /* Release */ = {
			isa = XCBuildConfiguration;
			buildSettings = {
				ALWAYS_SEARCH_USER_PATHS = NO;
				CLANG_ANALYZER_NONNULL = YES;
				CLANG_ANALYZER_NUMBER_OBJECT_CONVERSION = YES_AGGRESSIVE;
				CLANG_CXX_LANGUAGE_STANDARD = "gnu++17";
				CLANG_ENABLE_MODULES = YES;
				CLANG_ENABLE_OBJC_ARC = YES;
				CLANG_ENABLE_OBJC_WEAK = YES;
				CLANG_WARN_BLOCK_CAPTURE_AUTORELEASING = YES;
				CLANG_WARN_BOOL_CONVERSION = YES;
				CLANG_WARN_COMMA = YES;
				CLANG_WARN_CONSTANT_CONVERSION = YES;
				CLANG_WARN_DEPRECATED_OBJC_IMPLEMENTATIONS = YES;
				CLANG_WARN_DIRECT_OBJC_ISA_USAGE = YES_ERROR;
				CLANG_WARN_DOCUMENTATION_COMMENTS = YES;
				CLANG_WARN_EMPTY_BODY = YES;
				CLANG_WARN_ENUM_CONVERSION = YES;
				CLANG_WARN_INFINITE_RECURSION = YES;
				CLANG_WARN_INT_CONVERSION = YES;
				CLANG_WARN_NON_LITERAL_NULL_CONVERSION = YES;
				CLANG_WARN_OBJC_IMPLICIT_RETAIN_SELF = YES;
				CLANG_WARN_OBJC_LITERAL_CONVERSION = YES;
				CLANG_WARN_OBJC_ROOT_CLASS = YES_ERROR;
				CLANG_WARN_QUOTED_INCLUDE_IN_FRAMEWORK_HEADER = YES;
				CLANG_WARN_RANGE_LOOP_ANALYSIS = YES;
				CLANG_WARN_STRICT_PROTOTYPES = YES;
				CLANG_WARN_SUSPICIOUS_MOVE = YES;
				CLANG_WARN_UNGUARDED_AVAILABILITY = YES_AGGRESSIVE;
				CLANG_WARN_UNREACHABLE_CODE = YES;
				CLANG_WARN__DUPLICATE_METHOD_MATCH = YES;
				COPY_PHASE_STRIP = NO;
				DEBUG_INFORMATION_FORMAT = "dwarf-with-dsym";
				ENABLE_NS_ASSERTIONS = NO;
				ENABLE_STRICT_OBJC_MSGSEND = YES;
				GCC_C_LANGUAGE_STANDARD = gnu11;
				GCC_NO_COMMON_BLOCKS = YES;
				GCC_WARN_64_TO_32_BIT_CONVERSION = YES;
				GCC_WARN_ABOUT_RETURN_TYPE = YES_ERROR;
				GCC_WARN_UNDECLARED_SELECTOR = YES;
				GCC_WARN_UNINITIALIZED_AUTOS = YES_AGGRESSIVE;
				GCC_WARN_UNUSED_FUNCTION = YES;
				GCC_WARN_UNUSED_VARIABLE = YES;
				IPHONEOS_DEPLOYMENT_TARGET = 15.4;
				MTL_ENABLE_DEBUG_INFO = NO;
				MTL_FAST_MATH = YES;
				SDKROOT = iphoneos;
				SWIFT_COMPILATION_MODE = wholemodule;
				SWIFT_OPTIMIZATION_LEVEL = "-O";
				VALIDATE_PRODUCT = YES;
			};
			name = Release;
		};
		B58729E62816846500F092BC /* Debug */ = {
			isa = XCBuildConfiguration;
			baseConfigurationReference = 1E5EA404B53B312AEED47E57 /* Pods-SimpleTableSection.debug.xcconfig */;
			buildSettings = {
				ASSETCATALOG_COMPILER_APPICON_NAME = AppIcon;
				ASSETCATALOG_COMPILER_GLOBAL_ACCENT_COLOR_NAME = AccentColor;
				CODE_SIGN_STYLE = Automatic;
				CURRENT_PROJECT_VERSION = 1;
				DEVELOPMENT_TEAM = 9S6T5CVY8R;
				GENERATE_INFOPLIST_FILE = YES;
				INFOPLIST_FILE = SimpleTableSection/Info.plist;
				INFOPLIST_KEY_UIApplicationSupportsIndirectInputEvents = YES;
				INFOPLIST_KEY_UILaunchStoryboardName = LaunchScreen;
				INFOPLIST_KEY_UIMainStoryboardFile = Main;
				INFOPLIST_KEY_UISupportedInterfaceOrientations_iPad = "UIInterfaceOrientationPortrait UIInterfaceOrientationPortraitUpsideDown UIInterfaceOrientationLandscapeLeft UIInterfaceOrientationLandscapeRight";
				INFOPLIST_KEY_UISupportedInterfaceOrientations_iPhone = "UIInterfaceOrientationPortrait UIInterfaceOrientationLandscapeLeft UIInterfaceOrientationLandscapeRight";
				IPHONEOS_DEPLOYMENT_TARGET = 13.0;
				LD_RUNPATH_SEARCH_PATHS = (
					"$(inherited)",
					"@executable_path/Frameworks",
				);
				MARKETING_VERSION = 1.0;
				PRODUCT_BUNDLE_IDENTIFIER = com.xyg.rxswift.SimpleTableSection;
				PRODUCT_NAME = "$(TARGET_NAME)";
				SWIFT_EMIT_LOC_STRINGS = YES;
				SWIFT_VERSION = 5.0;
				TARGETED_DEVICE_FAMILY = "1,2";
			};
			name = Debug;
		};
		B58729E72816846500F092BC /* Release */ = {
			isa = XCBuildConfiguration;
			baseConfigurationReference = 6510287F328F9C08E31FB697 /* Pods-SimpleTableSection.release.xcconfig */;
			buildSettings = {
				ASSETCATALOG_COMPILER_APPICON_NAME = AppIcon;
				ASSETCATALOG_COMPILER_GLOBAL_ACCENT_COLOR_NAME = AccentColor;
				CODE_SIGN_STYLE = Automatic;
				CURRENT_PROJECT_VERSION = 1;
				DEVELOPMENT_TEAM = 9S6T5CVY8R;
				GENERATE_INFOPLIST_FILE = YES;
				INFOPLIST_FILE = SimpleTableSection/Info.plist;
				INFOPLIST_KEY_UIApplicationSupportsIndirectInputEvents = YES;
				INFOPLIST_KEY_UILaunchStoryboardName = LaunchScreen;
				INFOPLIST_KEY_UIMainStoryboardFile = Main;
				INFOPLIST_KEY_UISupportedInterfaceOrientations_iPad = "UIInterfaceOrientationPortrait UIInterfaceOrientationPortraitUpsideDown UIInterfaceOrientationLandscapeLeft UIInterfaceOrientationLandscapeRight";
				INFOPLIST_KEY_UISupportedInterfaceOrientations_iPhone = "UIInterfaceOrientationPortrait UIInterfaceOrientationLandscapeLeft UIInterfaceOrientationLandscapeRight";
				IPHONEOS_DEPLOYMENT_TARGET = 13.0;
				LD_RUNPATH_SEARCH_PATHS = (
					"$(inherited)",
					"@executable_path/Frameworks",
				);
				MARKETING_VERSION = 1.0;
				PRODUCT_BUNDLE_IDENTIFIER = com.xyg.rxswift.SimpleTableSection;
				PRODUCT_NAME = "$(TARGET_NAME)";
				SWIFT_EMIT_LOC_STRINGS = YES;
				SWIFT_VERSION = 5.0;
				TARGETED_DEVICE_FAMILY = "1,2";
			};
			name = Release;
		};
/* End XCBuildConfiguration section */

/* Begin XCConfigurationList section */
		B58729CC281683FE00F092BC /* Build configuration list for PBXProject "SimpleTableSection" */ = {
			isa = XCConfigurationList;
			buildConfigurations = (
				B58729E32816846500F092BC /* Debug */,
				B58729E42816846500F092BC /* Release */,
			);
			defaultConfigurationIsVisible = 0;
			defaultConfigurationName = Release;
		};
		B58729E52816846500F092BC /* Build configuration list for PBXNativeTarget "SimpleTableSection" */ = {
			isa = XCConfigurationList;
			buildConfigurations = (
				B58729E62816846500F092BC /* Debug */,
				B58729E72816846500F092BC /* Release */,
			);
			defaultConfigurationIsVisible = 0;
			defaultConfigurationName = Release;
		};
/* End XCConfigurationList section */
	};
	rootObject = B58729C9281683FE00F092BC /* Project object */;
}
